
Microsoft Visual Studio Solution File, Format Version 12.00
# Visual Studio 15
VisualStudioVersion = 15.0.28307.1401
MinimumVisualStudioVersion = 10.0.40219.1
Project("{FAE04EC0-301F-11D3-BF4B-00C04F79EFBC}") = "DrawApp", "DrawApp\DrawApp.csproj", "{814776AB-4019-426B-B690-4673F2D0607C}"
EndProject
Global
	GlobalSection(SolutionConfigurationPlatforms) = preSolution
		Debug|Any CPU = Debug|Any CPU
		Release|Any CPU = Release|Any CPU
	EndGlobalSection
	GlobalSection(ProjectConfigurationPlatforms) = postSolution
		{814776AB-4019-426B-B690-4673F2D0607C}.Debug|Any CPU.ActiveCfg = Debug|Any CPU
		{814776AB-4019-426B-B690-4673F2D0607C}.Debug|Any CPU.Build.0 = Debug|Any CPU
		{814776AB-4019-426B-B690-4673F2D0607C}.Release|Any CPU.ActiveCfg = Release|Any CPU
		{814776AB-4019-426B-B690-4673F2D0607C}.Release|Any CPU.Build.0 = Release|Any CPU
	EndGlobalSection
	GlobalSection(SolutionProperties) = preSolution
		HideSolutionNode = FALSE
	EndGlobalSection
	GlobalSection(ExtensibilityGlobals) = postSolution
		SolutionGuid = {D481063B-788A-4A26-AEEC-8AFA9262A7B8}
	EndGlobalSection
EndGlobal
